PODS:
  - DCCJConfig (0.2.0):
    - DCCJConfig/DataManagerError (= 0.2.0)
    - DCCJConfig/Result (= 0.2.0)
  - DCCJConfig/DataManagerError (0.2.0)
  - DCCJConfig/Result (0.2.0)
  - DCCJUser (0.1.9):
    - DCCJConfig (~> 0.2.0)

DEPENDENCIES:
  - DCCJUser (from `../`)

SPEC REPOS:
  https://github.com/cocoapods/specs.git:
    - DCCJConfig

EXTERNAL SOURCES:
  DCCJUser:
    :path: "../"

SPEC CHECKSUMS:
  DCCJConfig: afc210622d5249ed0a5f0373d72ee12324489435
  DCCJUser: 065569485ccf5406ab1f8f404b15d66c27d75c0e

PODFILE CHECKSUM: 6130c2786601fe8fa13c6900ff7ede3846590474

COCOAPODS: 1.5.3
